{
  "nodes": {
    "nixpkgs": {
      "locked": {
        "lastModified": 1734424634,
        "narHash": "sha256-cHar1vqHOOyC7f1+tVycPoWTfKIaqkoe1Q6TnKzuti4=",
        "rev": "d3c42f187194c26d9f0309a8ecc469d6c878ce33",
        "revCount": 723344,
        "type": "tarball",
        "url": "https://api.flakehub.com/f/pinned/NixOS/nixpkgs/0.1.723344%2Brev-d3c42f187194c26d9f0309a8ecc469d6c878ce33/0193d9b3-49fb-789b-bb91-5288681df0a7/source.tar.gz"
      },
      "original": {
        "type": "tarball",
        "url": "https://flakehub.com/f/NixOS/nixpkgs/0.1.%2A.tar.gz"
      }
    },
    "root": {
      "inputs": {
        "nixpkgs": "nixpkgs",
        "rust-overlay": "rust-overlay"
      }
    },
    "rust-overlay": {
      "inputs": {
        "nixpkgs": [
          "nixpkgs"
        ]
      },
      "locked": {
        "lastModified": 1734661750,
        "narHash": "sha256-BI58NBdimxu1lnpOrG9XxBz7Cwqy+qIf99zunWofX5w=",
        "owner": "oxalica",
        "repo": "rust-overlay",
        "rev": "7d3d910d5fd575e6e8c5600d83d54e5c47273bfe",
        "type": "github"
      },
      "original": {
        "owner": "oxalica",
        "repo": "rust-overlay",
        "type": "github"
      }
    }
  },
  "root": "root",
  "version": 7
}
